// !$*UTF8*$!
{
	archiveVersion = 1;
	classes = {
	};
	objectVersion = 56;
	objects = {

/* Begin PBXBuildFile section */
		3E39489B2A348F38005B48B3 /* BlinkingMod.swift in Sources */ = {isa = PBXBuildFile; fileRef = 3E39489A2A348F38005B48B3 /* BlinkingMod.swift */; };
		3EE059922A275D2300E4924F /* SwiftUIAnimationAppApp.swift in Sources */ = {isa = PBXBuildFile; fileRef = 3EE059912A275D2300E4924F /* SwiftUIAnimationAppApp.swift */; };
		3EE059962A275D2500E4924F /* Assets.xcassets in Resources */ = {isa = PBXBuildFile; fileRef = 3EE059952A275D2500E4924F /* Assets.xcassets */; };
		3EE059992A275D2500E4924F /* Preview Assets.xcassets in Resources */ = {isa = PBXBuildFile; fileRef = 3EE059982A275D2500E4924F /* Preview Assets.xcassets */; };
		3EE059A22A27A37E00E4924F /* StarterView.swift in Sources */ = {isa = PBXBuildFile; fileRef = 3EE059A12A27A37E00E4924F /* StarterView.swift */; };
		3EE059A42A27A3AD00E4924F /* MainView.swift in Sources */ = {isa = PBXBuildFile; fileRef = 3EE059A32A27A3AD00E4924F /* MainView.swift */; };
		3EE059A72A27A45200E4924F /* AwardsView.swift in Sources */ = {isa = PBXBuildFile; fileRef = 3EE059A62A27A45200E4924F /* AwardsView.swift */; };
		3EE059A92A27A5F400E4924F /* GradientRectangle.swift in Sources */ = {isa = PBXBuildFile; fileRef = 3EE059A82A27A5F400E4924F /* GradientRectangle.swift */; };
		3EE059AB2A27CB9B00E4924F /* PathView.swift in Sources */ = {isa = PBXBuildFile; fileRef = 3EE059AA2A27CB9B00E4924F /* PathView.swift */; };
		3EE059AD2A27D3AE00E4924F /* CurveView.swift in Sources */ = {isa = PBXBuildFile; fileRef = 3EE059AC2A27D3AE00E4924F /* CurveView.swift */; };
		3EE059B02A29DA2800E4924F /* CustomGridView.swift in Sources */ = {isa = PBXBuildFile; fileRef = 3EE059AF2A29DA2800E4924F /* CustomGridView.swift */; };
		3EE059B22A29E29500E4924F /* Award.swift in Sources */ = {isa = PBXBuildFile; fileRef = 3EE059B12A29E29500E4924F /* Award.swift */; };
		3EE059B42A29EBE300E4924F /* VerticalGridView.swift in Sources */ = {isa = PBXBuildFile; fileRef = 3EE059B32A29EBE300E4924F /* VerticalGridView.swift */; };
		3EE059B82A2A35DE00E4924F /* HorizontalGridView.swift in Sources */ = {isa = PBXBuildFile; fileRef = 3EE059B72A2A35DE00E4924F /* HorizontalGridView.swift */; };
		3EEE0BAA2A2E11BB004C40C9 /* DarkAngelsView.swift in Sources */ = {isa = PBXBuildFile; fileRef = 3EEE0BA92A2E11BB004C40C9 /* DarkAngelsView.swift */; };
/* End PBXBuildFile section */

/* Begin PBXFileReference section */
		3E39489A2A348F38005B48B3 /* BlinkingMod.swift */ = {isa = PBXFileReference; lastKnownFileType = sourcecode.swift; path = BlinkingMod.swift; sourceTree = "<group>"; };
		3EE0598E2A275D2300E4924F /* SwiftUIAnimationApp.app */ = {isa = PBXFileReference; explicitFileType = wrapper.application; includeInIndex = 0; path = SwiftUIAnimationApp.app; sourceTree = BUILT_PRODUCTS_DIR; };
		3EE059912A275D2300E4924F /* SwiftUIAnimationAppApp.swift */ = {isa = PBXFileReference; lastKnownFileType = sourcecode.swift; path = SwiftUIAnimationAppApp.swift; sourceTree = "<group>"; };
		3EE059952A275D2500E4924F /* Assets.xcassets */ = {isa = PBXFileReference; lastKnownFileType = folder.assetcatalog; path = Assets.xcassets; sourceTree = "<group>"; };
		3EE059982A275D2500E4924F /* Preview Assets.xcassets */ = {isa = PBXFileReference; lastKnownFileType = folder.assetcatalog; path = "Preview Assets.xcassets"; sourceTree = "<group>"; };
		3EE059A12A27A37E00E4924F /* StarterView.swift */ = {isa = PBXFileReference; lastKnownFileType = sourcecode.swift; path = StarterView.swift; sourceTree = "<group>"; };
		3EE059A32A27A3AD00E4924F /* MainView.swift */ = {isa = PBXFileReference; lastKnownFileType = sourcecode.swift; path = MainView.swift; sourceTree = "<group>"; };
		3EE059A62A27A45200E4924F /* AwardsView.swift */ = {isa = PBXFileReference; lastKnownFileType = sourcecode.swift; path = AwardsView.swift; sourceTree = "<group>"; };
		3EE059A82A27A5F400E4924F /* GradientRectangle.swift */ = {isa = PBXFileReference; lastKnownFileType = sourcecode.swift; path = GradientRectangle.swift; sourceTree = "<group>"; };
		3EE059AA2A27CB9B00E4924F /* PathView.swift */ = {isa = PBXFileReference; lastKnownFileType = sourcecode.swift; path = PathView.swift; sourceTree = "<group>"; };
		3EE059AC2A27D3AE00E4924F /* CurveView.swift */ = {isa = PBXFileReference; lastKnownFileType = sourcecode.swift; path = CurveView.swift; sourceTree = "<group>"; };
		3EE059AF2A29DA2800E4924F /* CustomGridView.swift */ = {isa = PBXFileReference; lastKnownFileType = sourcecode.swift; path = CustomGridView.swift; sourceTree = "<group>"; };
		3EE059B12A29E29500E4924F /* Award.swift */ = {isa = PBXFileReference; lastKnownFileType = sourcecode.swift; path = Award.swift; sourceTree = "<group>"; };
		3EE059B32A29EBE300E4924F /* VerticalGridView.swift */ = {isa = PBXFileReference; lastKnownFileType = sourcecode.swift; path = VerticalGridView.swift; sourceTree = "<group>"; };
		3EE059B72A2A35DE00E4924F /* HorizontalGridView.swift */ = {isa = PBXFileReference; lastKnownFileType = sourcecode.swift; path = HorizontalGridView.swift; sourceTree = "<group>"; };
		3EEE0BA92A2E11BB004C40C9 /* DarkAngelsView.swift */ = {isa = PBXFileReference; lastKnownFileType = sourcecode.swift; path = DarkAngelsView.swift; sourceTree = "<group>"; };
/* End PBXFileReference section */

/* Begin PBXFrameworksBuildPhase section */
		3EE0598B2A275D2300E4924F /* Frameworks */ = {
			isa = PBXFrameworksBuildPhase;
			buildActionMask = 2147483647;
			files = (
			);
			runOnlyForDeploymentPostprocessing = 0;
		};
/* End PBXFrameworksBuildPhase section */

/* Begin PBXGroup section */
		3E39489C2A348FAC005B48B3 /* Modifiers */ = {
			isa = PBXGroup;
			children = (
				3E39489A2A348F38005B48B3 /* BlinkingMod.swift */,
			);
			path = Modifiers;
			sourceTree = "<group>";
		};
		3EE059852A275D2300E4924F = {
			isa = PBXGroup;
			children = (
				3EE059902A275D2300E4924F /* SwiftUIAnimationApp */,
				3EE0598F2A275D2300E4924F /* Products */,
			);
			sourceTree = "<group>";
		};
		3EE0598F2A275D2300E4924F /* Products */ = {
			isa = PBXGroup;
			children = (
				3EE0598E2A275D2300E4924F /* SwiftUIAnimationApp.app */,
			);
			name = Products;
			sourceTree = "<group>";
		};
		3EE059902A275D2300E4924F /* SwiftUIAnimationApp */ = {
			isa = PBXGroup;
			children = (
				3EE059912A275D2300E4924F /* SwiftUIAnimationAppApp.swift */,
				3EE059952A275D2500E4924F /* Assets.xcassets */,
				3EE059A52A27A3B800E4924F /* Views */,
				3EE059AE2A29DA0200E4924F /* Grids */,
				3E39489C2A348FAC005B48B3 /* Modifiers */,
				3EE059972A275D2500E4924F /* Preview Content */,
			);
			path = SwiftUIAnimationApp;
			sourceTree = "<group>";
		};
		3EE059972A275D2500E4924F /* Preview Content */ = {
			isa = PBXGroup;
			children = (
				3EE059982A275D2500E4924F /* Preview Assets.xcassets */,
			);
			path = "Preview Content";
			sourceTree = "<group>";
		};
		3EE059A52A27A3B800E4924F /* Views */ = {
			isa = PBXGroup;
			children = (
				3EE059A32A27A3AD00E4924F /* MainView.swift */,
				3EE059A12A27A37E00E4924F /* StarterView.swift */,
				3EE059A62A27A45200E4924F /* AwardsView.swift */,
				3EE059A82A27A5F400E4924F /* GradientRectangle.swift */,
				3EE059AA2A27CB9B00E4924F /* PathView.swift */,
				3EE059AC2A27D3AE00E4924F /* CurveView.swift */,
				3EEE0BA92A2E11BB004C40C9 /* DarkAngelsView.swift */,
			);
			path = Views;
			sourceTree = "<group>";
		};
		3EE059AE2A29DA0200E4924F /* Grids */ = {
			isa = PBXGroup;
			children = (
				3EE059AF2A29DA2800E4924F /* CustomGridView.swift */,
				3EE059B12A29E29500E4924F /* Award.swift */,
				3EE059B32A29EBE300E4924F /* VerticalGridView.swift */,
				3EE059B72A2A35DE00E4924F /* HorizontalGridView.swift */,
			);
			path = Grids;
			sourceTree = "<group>";
		};
/* End PBXGroup section */

/* Begin PBXNativeTarget section */
		3EE0598D2A275D2300E4924F /* SwiftUIAnimationApp */ = {
			isa = PBXNativeTarget;
			buildConfigurationList = 3EE0599C2A275D2500E4924F /* Build configuration list for PBXNativeTarget "SwiftUIAnimationApp" */;
			buildPhases = (
				3EE0598A2A275D2300E4924F /* Sources */,
				3EE0598B2A275D2300E4924F /* Frameworks */,
				3EE0598C2A275D2300E4924F /* Resources */,
			);
			buildRules = (
			);
			dependencies = (
			);
			name = SwiftUIAnimationApp;
			productName = SwiftUIAnimationApp;
			productReference = 3EE0598E2A275D2300E4924F /* SwiftUIAnimationApp.app */;
			productType = "com.apple.product-type.application";
		};
/* End PBXNativeTarget section */

/* Begin PBXProject section */
		3EE059862A275D2300E4924F /* Project object */ = {
			isa = PBXProject;
			attributes = {
				BuildIndependentTargetsInParallel = 1;
				LastSwiftUpdateCheck = 1430;
				LastUpgradeCheck = 1430;
				TargetAttributes = {
					3EE0598D2A275D2300E4924F = {
						CreatedOnToolsVersion = 14.3;
					};
				};
			};
			buildConfigurationList = 3EE059892A275D2300E4924F /* Build configuration list for PBXProject "SwiftUIAnimationApp" */;
			compatibilityVersion = "Xcode 14.0";
			developmentRegion = en;
			hasScannedForEncodings = 0;
			knownRegions = (
				en,
				Base,
			);
			mainGroup = 3EE059852A275D2300E4924F;
			productRefGroup = 3EE0598F2A275D2300E4924F /* Products */;
			projectDirPath = "";
			projectRoot = "";
			targets = (
				3EE0598D2A275D2300E4924F /* SwiftUIAnimationApp */,
			);
		};
/* End PBXProject section */

/* Begin PBXResourcesBuildPhase section */
		3EE0598C2A275D2300E4924F /* Resources */ = {
			isa = PBXResourcesBuildPhase;
			buildActionMask = 2147483647;
			files = (
				3EE059992A275D2500E4924F /* Preview Assets.xcassets in Resources */,
				3EE059962A275D2500E4924F /* Assets.xcassets in Resources */,
			);
			runOnlyForDeploymentPostprocessing = 0;
		};
/* End PBXResourcesBuildPhase section */

/* Begin PBXSourcesBuildPhase section */
		3EE0598A2A275D2300E4924F /* Sources */ = {
			isa = PBXSourcesBuildPhase;
			buildActionMask = 2147483647;
			files = (
				3EE059AD2A27D3AE00E4924F /* CurveView.swift in Sources */,
				3EE059B82A2A35DE00E4924F /* HorizontalGridView.swift in Sources */,
				3EEE0BAA2A2E11BB004C40C9 /* DarkAngelsView.swift in Sources */,
				3EE059B22A29E29500E4924F /* Award.swift in Sources */,
				3EE059B42A29EBE300E4924F /* VerticalGridView.swift in Sources */,
				3EE059A22A27A37E00E4924F /* StarterView.swift in Sources */,
				3E39489B2A348F38005B48B3 /* BlinkingMod.swift in Sources */,
				3EE059AB2A27CB9B00E4924F /* PathView.swift in Sources */,
				3EE059A92A27A5F400E4924F /* GradientRectangle.swift in Sources */,
				3EE059A72A27A45200E4924F /* AwardsView.swift in Sources */,
				3EE059A42A27A3AD00E4924F /* MainView.swift in Sources */,
				3EE059922A275D2300E4924F /* SwiftUIAnimationAppApp.swift in Sources */,
				3EE059B02A29DA2800E4924F /* CustomGridView.swift in Sources */,
			);
			runOnlyForDeploymentPostprocessing = 0;
		};
/* End PBXSourcesBuildPhase section */

/* Begin XCBuildConfiguration section */
		3EE0599A2A275D2500E4924F /* Debug */ = {
			isa = XCBuildConfiguration;
			buildSettings = {
				ALWAYS_SEARCH_USER_PATHS = NO;
				CLANG_ANALYZER_NONNULL = YES;
				CLANG_ANALYZER_NUMBER_OBJECT_CONVERSION = YES_AGGRESSIVE;
				CLANG_CXX_LANGUAGE_STANDARD = "gnu++20";
				CLANG_ENABLE_MODULES = YES;
				CLANG_ENABLE_OBJC_ARC = YES;
				CLANG_ENABLE_OBJC_WEAK = YES;
				CLANG_WARN_BLOCK_CAPTURE_AUTORELEASING = YES;
				CLANG_WARN_BOOL_CONVERSION = YES;
				CLANG_WARN_COMMA = YES;
				CLANG_WARN_CONSTANT_CONVERSION = YES;
				CLANG_WARN_DEPRECATED_OBJC_IMPLEMENTATIONS = YES;
				CLANG_WARN_DIRECT_OBJC_ISA_USAGE = YES_ERROR;
				CLANG_WARN_DOCUMENTATION_COMMENTS = YES;
				CLANG_WARN_EMPTY_BODY = YES;
				CLANG_WARN_ENUM_CONVERSION = YES;
				CLANG_WARN_INFINITE_RECURSION = YES;
				CLANG_WARN_INT_CONVERSION = YES;
				CLANG_WARN_NON_LITERAL_NULL_CONVERSION = YES;
				CLANG_WARN_OBJC_IMPLICIT_RETAIN_SELF = YES;
				CLANG_WARN_OBJC_LITERAL_CONVERSION = YES;
				CLANG_WARN_OBJC_ROOT_CLASS = YES_ERROR;
				CLANG_WARN_QUOTED_INCLUDE_IN_FRAMEWORK_HEADER = YES;
				CLANG_WARN_RANGE_LOOP_ANALYSIS = YES;
				CLANG_WARN_STRICT_PROTOTYPES = YES;
				CLANG_WARN_SUSPICIOUS_MOVE = YES;
				CLANG_WARN_UNGUARDED_AVAILABILITY = YES_AGGRESSIVE;
				CLANG_WARN_UNREACHABLE_CODE = YES;
				CLANG_WARN__DUPLICATE_METHOD_MATCH = YES;
				COPY_PHASE_STRIP = NO;
				DEBUG_INFORMATION_FORMAT = dwarf;
				ENABLE_STRICT_OBJC_MSGSEND = YES;
				ENABLE_TESTABILITY = YES;
				GCC_C_LANGUAGE_STANDARD = gnu11;
				GCC_DYNAMIC_NO_PIC = NO;
				GCC_NO_COMMON_BLOCKS = YES;
				GCC_OPTIMIZATION_LEVEL = 0;
				GCC_PREPROCESSOR_DEFINITIONS = (
					"DEBUG=1",
					"$(inherited)",
				);
				GCC_WARN_64_TO_32_BIT_CONVERSION = YES;
				GCC_WARN_ABOUT_RETURN_TYPE = YES_ERROR;
				GCC_WARN_UNDECLARED_SELECTOR = YES;
				GCC_WARN_UNINITIALIZED_AUTOS = YES_AGGRESSIVE;
				GCC_WARN_UNUSED_FUNCTION = YES;
				GCC_WARN_UNUSED_VARIABLE = YES;
				IPHONEOS_DEPLOYMENT_TARGET = 16.4;
				MTL_ENABLE_DEBUG_INFO = INCLUDE_SOURCE;
				MTL_FAST_MATH = YES;
				ONLY_ACTIVE_ARCH = YES;
				SDKROOT = iphoneos;
				SWIFT_ACTIVE_COMPILATION_CONDITIONS = DEBUG;
				SWIFT_OPTIMIZATION_LEVEL = "-Onone";
			};
			name = Debug;
		};
		3EE0599B2A275D2500E4924F /* Release */ = {
			isa = XCBuildConfiguration;
			buildSettings = {
				ALWAYS_SEARCH_USER_PATHS = NO;
				CLANG_ANALYZER_NONNULL = YES;
				CLANG_ANALYZER_NUMBER_OBJECT_CONVERSION = YES_AGGRESSIVE;
				CLANG_CXX_LANGUAGE_STANDARD = "gnu++20";
				CLANG_ENABLE_MODULES = YES;
				CLANG_ENABLE_OBJC_ARC = YES;
				CLANG_ENABLE_OBJC_WEAK = YES;
				CLANG_WARN_BLOCK_CAPTURE_AUTORELEASING = YES;
				CLANG_WARN_BOOL_CONVERSION = YES;
				CLANG_WARN_COMMA = YES;
				CLANG_WARN_CONSTANT_CONVERSION = YES;
				CLANG_WARN_DEPRECATED_OBJC_IMPLEMENTATIONS = YES;
				CLANG_WARN_DIRECT_OBJC_ISA_USAGE = YES_ERROR;
				CLANG_WARN_DOCUMENTATION_COMMENTS = YES;
				CLANG_WARN_EMPTY_BODY = YES;
				CLANG_WARN_ENUM_CONVERSION = YES;
				CLANG_WARN_INFINITE_RECURSION = YES;
				CLANG_WARN_INT_CONVERSION = YES;
				CLANG_WARN_NON_LITERAL_NULL_CONVERSION = YES;
				CLANG_WARN_OBJC_IMPLICIT_RETAIN_SELF = YES;
				CLANG_WARN_OBJC_LITERAL_CONVERSION = YES;
				CLANG_WARN_OBJC_ROOT_CLASS = YES_ERROR;
				CLANG_WARN_QUOTED_INCLUDE_IN_FRAMEWORK_HEADER = YES;
				CLANG_WARN_RANGE_LOOP_ANALYSIS = YES;
				CLANG_WARN_STRICT_PROTOTYPES = YES;
				CLANG_WARN_SUSPICIOUS_MOVE = YES;
				CLANG_WARN_UNGUARDED_AVAILABILITY = YES_AGGRESSIVE;
				CLANG_WARN_UNREACHABLE_CODE = YES;
				CLANG_WARN__DUPLICATE_METHOD_MATCH = YES;
				COPY_PHASE_STRIP = NO;
				DEBUG_INFORMATION_FORMAT = "dwarf-with-dsym";
				ENABLE_NS_ASSERTIONS = NO;
				ENABLE_STRICT_OBJC_MSGSEND = YES;
				GCC_C_LANGUAGE_STANDARD = gnu11;
				GCC_NO_COMMON_BLOCKS = YES;
				GCC_WARN_64_TO_32_BIT_CONVERSION = YES;
				GCC_WARN_ABOUT_RETURN_TYPE = YES_ERROR;
				GCC_WARN_UNDECLARED_SELECTOR = YES;
				GCC_WARN_UNINITIALIZED_AUTOS = YES_AGGRESSIVE;
				GCC_WARN_UNUSED_FUNCTION = YES;
				GCC_WARN_UNUSED_VARIABLE = YES;
				IPHONEOS_DEPLOYMENT_TARGET = 16.4;
				MTL_ENABLE_DEBUG_INFO = NO;
				MTL_FAST_MATH = YES;
				SDKROOT = iphoneos;
				SWIFT_COMPILATION_MODE = wholemodule;
				SWIFT_OPTIMIZATION_LEVEL = "-O";
				VALIDATE_PRODUCT = YES;
			};
			name = Release;
		};
		3EE0599D2A275D2500E4924F /* Debug */ = {
			isa = XCBuildConfiguration;
			buildSettings = {
				ASSETCATALOG_COMPILER_APPICON_NAME = AppIcon;
				ASSETCATALOG_COMPILER_GLOBAL_ACCENT_COLOR_NAME = AccentColor;
				CODE_SIGN_STYLE = Automatic;
				CURRENT_PROJECT_VERSION = 1;
				DEVELOPMENT_ASSET_PATHS = "\"SwiftUIAnimationApp/Preview Content\"";
				DEVELOPMENT_TEAM = YQHRAS38BD;
				ENABLE_PREVIEWS = YES;
				GENERATE_INFOPLIST_FILE = YES;
				INFOPLIST_KEY_UIApplicationSceneManifest_Generation = YES;
				INFOPLIST_KEY_UIApplicationSupportsIndirectInputEvents = YES;
				INFOPLIST_KEY_UILaunchScreen_Generation = YES;
				INFOPLIST_KEY_UISupportedInterfaceOrientations_iPad = "UIInterfaceOrientationPortrait UIInterfaceOrientationPortraitUpsideDown UIInterfaceOrientationLandscapeLeft UIInterfaceOrientationLandscapeRight";
				INFOPLIST_KEY_UISupportedInterfaceOrientations_iPhone = "UIInterfaceOrientationPortrait UIInterfaceOrientationLandscapeLeft UIInterfaceOrientationLandscapeRight";
				LD_RUNPATH_SEARCH_PATHS = (
					"$(inherited)",
					"@executable_path/Frameworks",
				);
				MARKETING_VERSION = 1.0;
				PRODUCT_BUNDLE_IDENTIFIER = "ru.av-studio.SwiftUIAnimationApp";
				PRODUCT_NAME = "$(TARGET_NAME)";
				SWIFT_EMIT_LOC_STRINGS = YES;
				SWIFT_VERSION = 5.0;
				TARGETED_DEVICE_FAMILY = "1,2";
			};
			name = Debug;
		};
		3EE0599E2A275D2500E4924F /* Release */ = {
			isa = XCBuildConfiguration;
			buildSettings = {
				ASSETCATALOG_COMPILER_APPICON_NAME = AppIcon;
				ASSETCATALOG_COMPILER_GLOBAL_ACCENT_COLOR_NAME = AccentColor;
				CODE_SIGN_STYLE = Automatic;
				CURRENT_PROJECT_VERSION = 1;
				DEVELOPMENT_ASSET_PATHS = "\"SwiftUIAnimationApp/Preview Content\"";
				DEVELOPMENT_TEAM = YQHRAS38BD;
				ENABLE_PREVIEWS = YES;
				GENERATE_INFOPLIST_FILE = YES;
				INFOPLIST_KEY_UIApplicationSceneManifest_Generation = YES;
				INFOPLIST_KEY_UIApplicationSupportsIndirectInputEvents = YES;
				INFOPLIST_KEY_UILaunchScreen_Generation = YES;
				INFOPLIST_KEY_UISupportedInterfaceOrientations_iPad = "UIInterfaceOrientationPortrait UIInterfaceOrientationPortraitUpsideDown UIInterfaceOrientationLandscapeLeft UIInterfaceOrientationLandscapeRight";
				INFOPLIST_KEY_UISupportedInterfaceOrientations_iPhone = "UIInterfaceOrientationPortrait UIInterfaceOrientationLandscapeLeft UIInterfaceOrientationLandscapeRight";
				LD_RUNPATH_SEARCH_PATHS = (
					"$(inherited)",
					"@executable_path/Frameworks",
				);
				MARKETING_VERSION = 1.0;
				PRODUCT_BUNDLE_IDENTIFIER = "ru.av-studio.SwiftUIAnimationApp";
				PRODUCT_NAME = "$(TARGET_NAME)";
				SWIFT_EMIT_LOC_STRINGS = YES;
				SWIFT_VERSION = 5.0;
				TARGETED_DEVICE_FAMILY = "1,2";
			};
			name = Release;
		};
/* End XCBuildConfiguration section */

/* Begin XCConfigurationList section */
		3EE059892A275D2300E4924F /* Build configuration list for PBXProject "SwiftUIAnimationApp" */ = {
			isa = XCConfigurationList;
			buildConfigurations = (
				3EE0599A2A275D2500E4924F /* Debug */,
				3EE0599B2A275D2500E4924F /* Release */,
			);
			defaultConfigurationIsVisible = 0;
			defaultConfigurationName = Release;
		};
		3EE0599C2A275D2500E4924F /* Build configuration list for PBXNativeTarget "SwiftUIAnimationApp" */ = {
			isa = XCConfigurationList;
			buildConfigurations = (
				3EE0599D2A275D2500E4924F /* Debug */,
				3EE0599E2A275D2500E4924F /* Release */,
			);
			defaultConfigurationIsVisible = 0;
			defaultConfigurationName = Release;
		};
/* End XCConfigurationList section */
	};
	rootObject = 3EE059862A275D2300E4924F /* Project object */;
}
